# DO NOT EDIT MANUALLY - Managed by Fern Replay
version: "1.0"
generations:
  - commit_sha: 7c437109bb578248219455deb02aae628fd0cbbd
    tree_hash: a41e15d8e5fc6ded4d74541cb1ddd6e3d27d5fb4
    timestamp: 2026-07-31T03:05:45.029Z
    cli_version: unknown
    generator_versions: {}
current_generation: 7c437109bb578248219455deb02aae628fd0cbbd
patches: []
