# DO NOT EDIT MANUALLY - Managed by Fern Replay
version: "1.0"
generations:
  - commit_sha: e4c98893120d25138ab1c5b46fe8de5a53be2586
    tree_hash: db184442cc4bb384457bdfef0de8b3599a526968
    timestamp: 2026-07-31T18:11:52.243Z
    cli_version: unknown
    generator_versions: {}
current_generation: e4c98893120d25138ab1c5b46fe8de5a53be2586
patches: []
